// !$*UTF8*$!
{
	archiveVersion = 1;
	classes = {
	};
	objectVersion = 46;
	objects = {

/* Begin PBXBuildFile section */
		9873BAAA1A8D48E90077ECAB /* main.m in Sources */ = {isa = PBXBuildFile; fileRef = 9873BAA91A8D48E90077ECAB /* main.m */; };
		9873BAAD1A8D48E90077ECAB /* AppDelegate.m in Sources */ = {isa = PBXBuildFile; fileRef = 9873BAAC1A8D48E90077ECAB /* AppDelegate.m */; };
		9873BAB01A8D48E90077ECAB /* ViewController.m in Sources */ = {isa = PBXBuildFile; fileRef = 9873BAAF1A8D48E90077ECAB /* ViewController.m */; };
		9873BAB31A8D48E90077ECAB /* Main.storyboard in Resources */ = {isa = PBXBuildFile; fileRef = 9873BAB11A8D48E90077ECAB /* Main.storyboard */; };
		9873BAB51A8D48E90077ECAB /* Images.xcassets in Resources */ = {isa = PBXBuildFile; fileRef = 9873BAB41A8D48E90077ECAB /* Images.xcassets */; };
		9873BAB81A8D48E90077ECAB /* LaunchScreen.xib in Resources */ = {isa = PBXBuildFile; fileRef = 9873BAB61A8D48E90077ECAB /* LaunchScreen.xib */; };
		9873BAC41A8D48E90077ECAB /* ParallaxTests.m in Sources */ = {isa = PBXBuildFile; fileRef = 9873BAC31A8D48E90077ECAB /* ParallaxTests.m */; };
/* End PBXBuildFile section */

/* Begin PBXContainerItemProxy section */
		9873BABE1A8D48E90077ECAB /* PBXContainerItemProxy */ = {
			isa = PBXContainerItemProxy;
			containerPortal = 9873BA9C1A8D48E90077ECAB /* Project object */;
			proxyType = 1;
			remoteGlobalIDString = 9873BAA31A8D48E90077ECAB;
			remoteInfo = Parallax;
		};
/* End PBXContainerItemProxy section */

/* Begin PBXFileReference section */
		9873BAA41A8D48E90077ECAB /* Parallax.app */ = {isa = PBXFileReference; explicitFileType = wrapper.application; includeInIndex = 0; path = Parallax.app; sourceTree = BUILT_PRODUCTS_DIR; };
		9873BAA81A8D48E90077ECAB /* Info.plist */ = {isa = PBXFileReference; lastKnownFileType = text.plist.xml; path = Info.plist; sourceTree = "<group>"; };
		9873BAA91A8D48E90077ECAB /* main.m */ = {isa = PBXFileReference; lastKnownFileType = sourcecode.c.objc; path = main.m; sourceTree = "<group>"; };
		9873BAAB1A8D48E90077ECAB /* AppDelegate.h */ = {isa = PBXFileReference; lastKnownFileType = sourcecode.c.h; path = AppDelegate.h; sourceTree = "<group>"; };
		9873BAAC1A8D48E90077ECAB /* AppDelegate.m */ = {isa = PBXFileReference; lastKnownFileType = sourcecode.c.objc; path = AppDelegate.m; sourceTree = "<group>"; };
		9873BAAE1A8D48E90077ECAB /* ViewController.h */ = {isa = PBXFileReference; lastKnownFileType = sourcecode.c.h; path = ViewController.h; sourceTree = "<group>"; };
		9873BAAF1A8D48E90077ECAB /* ViewController.m */ = {isa = PBXFileReference; lastKnownFileType = sourcecode.c.objc; path = ViewController.m; sourceTree = "<group>"; };
		9873BAB21A8D48E90077ECAB /* Base */ = {isa = PBXFileReference; lastKnownFileType = file.storyboard; name = Base; path = Base.lproj/Main.storyboard; sourceTree = "<group>"; };
		9873BAB41A8D48E90077ECAB /* Images.xcassets */ = {isa = PBXFileReference; lastKnownFileType = folder.assetcatalog; path = Images.xcassets; sourceTree = "<group>"; };
		9873BAB71A8D48E90077ECAB /* Base */ = {isa = PBXFileReference; lastKnownFileType = file.xib; name = Base; path = Base.lproj/LaunchScreen.xib; sourceTree = "<group>"; };
		9873BABD1A8D48E90077ECAB /* ParallaxTests.xctest */ = {isa = PBXFileReference; explicitFileType = wrapper.cfbundle; includeInIndex = 0; path = ParallaxTests.xctest; sourceTree = BUILT_PRODUCTS_DIR; };
		9873BAC21A8D48E90077ECAB /* Info.plist */ = {isa = PBXFileReference; lastKnownFileType = text.plist.xml; path = Info.plist; sourceTree = "<group>"; };
		9873BAC31A8D48E90077ECAB /* ParallaxTests.m */ = {isa = PBXFileReference; lastKnownFileType = sourcecode.c.objc; path = ParallaxTests.m; sourceTree = "<group>"; };
/* End PBXFileReference section */

/* Begin PBXFrameworksBuildPhase section */
		9873BAA11A8D48E90077ECAB /* Frameworks */ = {
			isa = PBXFrameworksBuildPhase;
			buildActionMask = 2147483647;
			files = (
			);
			runOnlyForDeploymentPostprocessing = 0;
		};
		9873BABA1A8D48E90077ECAB /* Frameworks */ = {
			isa = PBXFrameworksBuildPhase;
			buildActionMask = 2147483647;
			files = (
			);
			runOnlyForDeploymentPostprocessing = 0;
		};
/* End PBXFrameworksBuildPhase section */

/* Begin PBXGroup section */
		9873BA9B1A8D48E90077ECAB = {
			isa = PBXGroup;
			children = (
				9873BAA61A8D48E90077ECAB /* Parallax */,
				9873BAC01A8D48E90077ECAB /* ParallaxTests */,
				9873BAA51A8D48E90077ECAB /* Products */,
			);
			sourceTree = "<group>";
		};
		9873BAA51A8D48E90077ECAB /* Products */ = {
			isa = PBXGroup;
			children = (
				9873BAA41A8D48E90077ECAB /* Parallax.app */,
				9873BABD1A8D48E90077ECAB /* ParallaxTests.xctest */,
			);
			name = Products;
			sourceTree = "<group>";
		};
		9873BAA61A8D48E90077ECAB /* Parallax */ = {
			isa = PBXGroup;
			children = (
				9873BAAB1A8D48E90077ECAB /* AppDelegate.h */,
				9873BAAC1A8D48E90077ECAB /* AppDelegate.m */,
				9873BAAE1A8D48E90077ECAB /* ViewController.h */,
				9873BAAF1A8D48E90077ECAB /* ViewController.m */,
				9873BAB11A8D48E90077ECAB /* Main.storyboard */,
				9873BAB41A8D48E90077ECAB /* Images.xcassets */,
				9873BAB61A8D48E90077ECAB /* LaunchScreen.xib */,
				9873BAA71A8D48E90077ECAB /* Supporting Files */,
			);
			path = Parallax;
			sourceTree = "<group>";
		};
		9873BAA71A8D48E90077ECAB /* Supporting Files */ = {
			isa = PBXGroup;
			children = (
				9873BAA81A8D48E90077ECAB /* Info.plist */,
				9873BAA91A8D48E90077ECAB /* main.m */,
			);
			name = "Supporting Files";
			sourceTree = "<group>";
		};
		9873BAC01A8D48E90077ECAB /* ParallaxTests */ = {
			isa = PBXGroup;
			children = (
				9873BAC31A8D48E90077ECAB /* ParallaxTests.m */,
				9873BAC11A8D48E90077ECAB /* Supporting Files */,
			);
			path = ParallaxTests;
			sourceTree = "<group>";
		};
		9873BAC11A8D48E90077ECAB /* Supporting Files */ = {
			isa = PBXGroup;
			children = (
				9873BAC21A8D48E90077ECAB /* Info.plist */,
			);
			name = "Supporting Files";
			sourceTree = "<group>";
		};
/* End PBXGroup section */

/* Begin PBXNativeTarget section */
		9873BAA31A8D48E90077ECAB /* Parallax */ = {
			isa = PBXNativeTarget;
			buildConfigurationList = 9873BAC71A8D48E90077ECAB /* Build configuration list for PBXNativeTarget "Parallax" */;
			buildPhases = (
				9873BAA01A8D48E90077ECAB /* Sources */,
				9873BAA11A8D48E90077ECAB /* Frameworks */,
				9873BAA21A8D48E90077ECAB /* Resources */,
			);
			buildRules = (
			);
			dependencies = (
			);
			name = Parallax;
			productName = Parallax;
			productReference = 9873BAA41A8D48E90077ECAB /* Parallax.app */;
			productType = "com.apple.product-type.application";
		};
		9873BABC1A8D48E90077ECAB /* ParallaxTests */ = {
			isa = PBXNativeTarget;
			buildConfigurationList = 9873BACA1A8D48E90077ECAB /* Build configuration list for PBXNativeTarget "ParallaxTests" */;
			buildPhases = (
				9873BAB91A8D48E90077ECAB /* Sources */,
				9873BABA1A8D48E90077ECAB /* Frameworks */,
				9873BABB1A8D48E90077ECAB /* Resources */,
			);
			buildRules = (
			);
			dependencies = (
				9873BABF1A8D48E90077ECAB /* PBXTargetDependency */,
			);
			name = ParallaxTests;
			productName = ParallaxTests;
			productReference = 9873BABD1A8D48E90077ECAB /* ParallaxTests.xctest */;
			productType = "com.apple.product-type.bundle.unit-test";
		};
/* End PBXNativeTarget section */

/* Begin PBXProject section */
		9873BA9C1A8D48E90077ECAB /* Project object */ = {
			isa = PBXProject;
			attributes = {
				LastUpgradeCheck = 0610;
				ORGANIZATIONNAME = "Mobile Makers";
				TargetAttributes = {
					9873BAA31A8D48E90077ECAB = {
						CreatedOnToolsVersion = 6.1.1;
					};
					9873BABC1A8D48E90077ECAB = {
						CreatedOnToolsVersion = 6.1.1;
						TestTargetID = 9873BAA31A8D48E90077ECAB;
					};
				};
			};
			buildConfigurationList = 9873BA9F1A8D48E90077ECAB /* Build configuration list for PBXProject "Parallax" */;
			compatibilityVersion = "Xcode 3.2";
			developmentRegion = English;
			hasScannedForEncodings = 0;
			knownRegions = (
				en,
				Base,
			);
			mainGroup = 9873BA9B1A8D48E90077ECAB;
			productRefGroup = 9873BAA51A8D48E90077ECAB /* Products */;
			projectDirPath = "";
			projectRoot = "";
			targets = (
				9873BAA31A8D48E90077ECAB /* Parallax */,
				9873BABC1A8D48E90077ECAB /* ParallaxTests */,
			);
		};
/* End PBXProject section */

/* Begin PBXResourcesBuildPhase section */
		9873BAA21A8D48E90077ECAB /* Resources */ = {
			isa = PBXResourcesBuildPhase;
			buildActionMask = 2147483647;
			files = (
				9873BAB31A8D48E90077ECAB /* Main.storyboard in Resources */,
				9873BAB81A8D48E90077ECAB /* LaunchScreen.xib in Resources */,
				9873BAB51A8D48E90077ECAB /* Images.xcassets in Resources */,
			);
			runOnlyForDeploymentPostprocessing = 0;
		};
		9873BABB1A8D48E90077ECAB /* Resources */ = {
			isa = PBXResourcesBuildPhase;
			buildActionMask = 2147483647;
			files = (
			);
			runOnlyForDeploymentPostprocessing = 0;
		};
/* End PBXResourcesBuildPhase section */

/* Begin PBXSourcesBuildPhase section */
		9873BAA01A8D48E90077ECAB /* Sources */ = {
			isa = PBXSourcesBuildPhase;
			buildActionMask = 2147483647;
			files = (
				9873BAB01A8D48E90077ECAB /* ViewController.m in Sources */,
				9873BAAD1A8D48E90077ECAB /* AppDelegate.m in Sources */,
				9873BAAA1A8D48E90077ECAB /* main.m in Sources */,
			);
			runOnlyForDeploymentPostprocessing = 0;
		};
		9873BAB91A8D48E90077ECAB /* Sources */ = {
			isa = PBXSourcesBuildPhase;
			buildActionMask = 2147483647;
			files = (
				9873BAC41A8D48E90077ECAB /* ParallaxTests.m in Sources */,
			);
			runOnlyForDeploymentPostprocessing = 0;
		};
/* End PBXSourcesBuildPhase section */

/* Begin PBXTargetDependency section */
		9873BABF1A8D48E90077ECAB /* PBXTargetDependency */ = {
			isa = PBXTargetDependency;
			target = 9873BAA31A8D48E90077ECAB /* Parallax */;
			targetProxy = 9873BABE1A8D48E90077ECAB /* PBXContainerItemProxy */;
		};
/* End PBXTargetDependency section */

/* Begin PBXVariantGroup section */
		9873BAB11A8D48E90077ECAB /* Main.storyboard */ = {
			isa = PBXVariantGroup;
			children = (
				9873BAB21A8D48E90077ECAB /* Base */,
			);
			name = Main.storyboard;
			sourceTree = "<group>";
		};
		9873BAB61A8D48E90077ECAB /* LaunchScreen.xib */ = {
			isa = PBXVariantGroup;
			children = (
				9873BAB71A8D48E90077ECAB /* Base */,
			);
			name = LaunchScreen.xib;
			sourceTree = "<group>";
		};
/* End PBXVariantGroup section */

/* Begin XCBuildConfiguration section */
		9873BAC51A8D48E90077ECAB /* Debug */ = {
			isa = XCBuildConfiguration;
			buildSettings = {
				ALWAYS_SEARCH_USER_PATHS = NO;
				CLANG_CXX_LANGUAGE_STANDARD = "gnu++0x";
				CLANG_CXX_LIBRARY = "libc++";
				CLANG_ENABLE_MODULES = YES;
				CLANG_ENABLE_OBJC_ARC = YES;
				CLANG_WARN_BOOL_CONVERSION = YES;
				CLANG_WARN_CONSTANT_CONVERSION = YES;
				CLANG_WARN_DIRECT_OBJC_ISA_USAGE = YES_ERROR;
				CLANG_WARN_EMPTY_BODY = YES;
				CLANG_WARN_ENUM_CONVERSION = YES;
				CLANG_WARN_INT_CONVERSION = YES;
				CLANG_WARN_OBJC_ROOT_CLASS = YES_ERROR;
				CLANG_WARN_UNREACHABLE_CODE = YES;
				CLANG_WARN__DUPLICATE_METHOD_MATCH = YES;
				"CODE_SIGN_IDENTITY[sdk=iphoneos*]" = "iPhone Developer";
				COPY_PHASE_STRIP = NO;
				ENABLE_STRICT_OBJC_MSGSEND = YES;
				GCC_C_LANGUAGE_STANDARD = gnu99;
				GCC_DYNAMIC_NO_PIC = NO;
				GCC_OPTIMIZATION_LEVEL = 0;
				GCC_PREPROCESSOR_DEFINITIONS = (
					"DEBUG=1",
					"$(inherited)",
				);
				GCC_SYMBOLS_PRIVATE_EXTERN = NO;
				GCC_WARN_64_TO_32_BIT_CONVERSION = YES;
				GCC_WARN_ABOUT_RETURN_TYPE = YES_ERROR;
				GCC_WARN_UNDECLARED_SELECTOR = YES;
				GCC_WARN_UNINITIALIZED_AUTOS = YES_AGGRESSIVE;
				GCC_WARN_UNUSED_FUNCTION = YES;
				GCC_WARN_UNUSED_VARIABLE = YES;
				IPHONEOS_DEPLOYMENT_TARGET = 8.1;
				MTL_ENABLE_DEBUG_INFO = YES;
				ONLY_ACTIVE_ARCH = YES;
				SDKROOT = iphoneos;
			};
			name = Debug;
		};
		9873BAC61A8D48E90077ECAB /* Release */ = {
			isa = XCBuildConfiguration;
			buildSettings = {
				ALWAYS_SEARCH_USER_PATHS = NO;
				CLANG_CXX_LANGUAGE_STANDARD = "gnu++0x";
				CLANG_CXX_LIBRARY = "libc++";
				CLANG_ENABLE_MODULES = YES;
				CLANG_ENABLE_OBJC_ARC = YES;
				CLANG_WARN_BOOL_CONVERSION = YES;
				CLANG_WARN_CONSTANT_CONVERSION = YES;
				CLANG_WARN_DIRECT_OBJC_ISA_USAGE = YES_ERROR;
				CLANG_WARN_EMPTY_BODY = YES;
				CLANG_WARN_ENUM_CONVERSION = YES;
				CLANG_WARN_INT_CONVERSION = YES;
				CLANG_WARN_OBJC_ROOT_CLASS = YES_ERROR;
				CLANG_WARN_UNREACHABLE_CODE = YES;
				CLANG_WARN__DUPLICATE_METHOD_MATCH = YES;
				"CODE_SIGN_IDENTITY[sdk=iphoneos*]" = "iPhone Developer";
				COPY_PHASE_STRIP = YES;
				ENABLE_NS_ASSERTIONS = NO;
				ENABLE_STRICT_OBJC_MSGSEND = YES;
				GCC_C_LANGUAGE_STANDARD = gnu99;
				GCC_WARN_64_TO_32_BIT_CONVERSION = YES;
				GCC_WARN_ABOUT_RETURN_TYPE = YES_ERROR;
				GCC_WARN_UNDECLARED_SELECTOR = YES;
				GCC_WARN_UNINITIALIZED_AUTOS = YES_AGGRESSIVE;
				GCC_WARN_UNUSED_FUNCTION = YES;
				GCC_WARN_UNUSED_VARIABLE = YES;
				IPHONEOS_DEPLOYMENT_TARGET = 8.1;
				MTL_ENABLE_DEBUG_INFO = NO;
				SDKROOT = iphoneos;
				VALIDATE_PRODUCT = YES;
			};
			name = Release;
		};
		9873BAC81A8D48E90077ECAB /* Debug */ = {
			isa = XCBuildConfiguration;
			buildSettings = {
				ASSETCATALOG_COMPILER_APPICON_NAME = AppIcon;
				INFOPLIST_FILE = Parallax/Info.plist;
				LD_RUNPATH_SEARCH_PATHS = "$(inherited) @executable_path/Frameworks";
				PRODUCT_NAME = "$(TARGET_NAME)";
			};
			name = Debug;
		};
		9873BAC91A8D48E90077ECAB /* Release */ = {
			isa = XCBuildConfiguration;
			buildSettings = {
				ASSETCATALOG_COMPILER_APPICON_NAME = AppIcon;
				INFOPLIST_FILE = Parallax/Info.plist;
				LD_RUNPATH_SEARCH_PATHS = "$(inherited) @executable_path/Frameworks";
				PRODUCT_NAME = "$(TARGET_NAME)";
			};
			name = Release;
		};
		9873BACB1A8D48E90077ECAB /* Debug */ = {
			isa = XCBuildConfiguration;
			buildSettings = {
				BUNDLE_LOADER = "$(TEST_HOST)";
				FRAMEWORK_SEARCH_PATHS = (
					"$(SDKROOT)/Developer/Library/Frameworks",
					"$(inherited)",
				);
				GCC_PREPROCESSOR_DEFINITIONS = (
					"DEBUG=1",
					"$(inherited)",
				);
				INFOPLIST_FILE = ParallaxTests/Info.plist;
				LD_RUNPATH_SEARCH_PATHS = "$(inherited) @executable_path/Frameworks @loader_path/Frameworks";
				PRODUCT_NAME = "$(TARGET_NAME)";
				TEST_HOST = "$(BUILT_PRODUCTS_DIR)/Parallax.app/Parallax";
			};
			name = Debug;
		};
		9873BACC1A8D48E90077ECAB /* Release */ = {
			isa = XCBuildConfiguration;
			buildSettings = {
				BUNDLE_LOADER = "$(TEST_HOST)";
				FRAMEWORK_SEARCH_PATHS = (
					"$(SDKROOT)/Developer/Library/Frameworks",
					"$(inherited)",
				);
				INFOPLIST_FILE = ParallaxTests/Info.plist;
				LD_RUNPATH_SEARCH_PATHS = "$(inherited) @executable_path/Frameworks @loader_path/Frameworks";
				PRODUCT_NAME = "$(TARGET_NAME)";
				TEST_HOST = "$(BUILT_PRODUCTS_DIR)/Parallax.app/Parallax";
			};
			name = Release;
		};
/* End XCBuildConfiguration section */

/* Begin XCConfigurationList section */
		9873BA9F1A8D48E90077ECAB /* Build configuration list for PBXProject "Parallax" */ = {
			isa = XCConfigurationList;
			buildConfigurations = (
				9873BAC51A8D48E90077ECAB /* Debug */,
				9873BAC61A8D48E90077ECAB /* Release */,
			);
			defaultConfigurationIsVisible = 0;
			defaultConfigurationName = Release;
		};
		9873BAC71A8D48E90077ECAB /* Build configuration list for PBXNativeTarget "Parallax" */ = {
			isa = XCConfigurationList;
			buildConfigurations = (
				9873BAC81A8D48E90077ECAB /* Debug */,
				9873BAC91A8D48E90077ECAB /* Release */,
			);
			defaultConfigurationIsVisible = 0;
		};
		9873BACA1A8D48E90077ECAB /* Build configuration list for PBXNativeTarget "ParallaxTests" */ = {
			isa = XCConfigurationList;
			buildConfigurations = (
				9873BACB1A8D48E90077ECAB /* Debug */,
				9873BACC1A8D48E90077ECAB /* Release */,
			);
			defaultConfigurationIsVisible = 0;
		};
/* End XCConfigurationList section */
	};
	rootObject = 9873BA9C1A8D48E90077ECAB /* Project object */;
}
